
Microsoft Visual Studio Solution File, Format Version 12.00
# Visual Studio Version 16
VisualStudioVersion = 16.0.31205.134
MinimumVisualStudioVersion = 10.0.40219.1
Project("{9A19103F-16F7-4668-BE54-9A1E7A4F7556}") = "PCPartPriceTracker", "PCPartPriceTracker\PCPartPriceTracker.csproj", "{7F746863-9801-4C8E-A7FA-C5BC67BD9857}"
EndProject
Project("{9A19103F-16F7-4668-BE54-9A1E7A4F7556}") = "ViewModels", "ViewModels\ViewModels.csproj", "{01DEEC35-CDE9-462B-9242-F78147046947}"
EndProject
Project("{9A19103F-16F7-4668-BE54-9A1E7A4F7556}") = "Models", "Models\Models.csproj", "{F697E6FA-2187-49C9-BD1C-35A9E1D95F95}"
EndProject
Project("{2150E333-8FDC-42A3-9474-1A3956D46DE8}") = "Solution Items", "Solution Items", "{89B601E2-10CA-47CB-A36C-F4FFB87A44A2}"
	ProjectSection(SolutionItems) = preProject
		Readme.md = Readme.md
	EndProjectSection
EndProject
Global
	GlobalSection(SolutionConfigurationPlatforms) = preSolution
		Debug|Any CPU = Debug|Any CPU
		Release|Any CPU = Release|Any CPU
	EndGlobalSection
	GlobalSection(ProjectConfigurationPlatforms) = postSolution
		{7F746863-9801-4C8E-A7FA-C5BC67BD9857}.Debug|Any CPU.ActiveCfg = Debug|Any CPU
		{7F746863-9801-4C8E-A7FA-C5BC67BD9857}.Debug|Any CPU.Build.0 = Debug|Any CPU
		{7F746863-9801-4C8E-A7FA-C5BC67BD9857}.Release|Any CPU.ActiveCfg = Release|Any CPU
		{7F746863-9801-4C8E-A7FA-C5BC67BD9857}.Release|Any CPU.Build.0 = Release|Any CPU
		{01DEEC35-CDE9-462B-9242-F78147046947}.Debug|Any CPU.ActiveCfg = Debug|Any CPU
		{01DEEC35-CDE9-462B-9242-F78147046947}.Debug|Any CPU.Build.0 = Debug|Any CPU
		{01DEEC35-CDE9-462B-9242-F78147046947}.Release|Any CPU.ActiveCfg = Release|Any CPU
		{01DEEC35-CDE9-462B-9242-F78147046947}.Release|Any CPU.Build.0 = Release|Any CPU
		{F697E6FA-2187-49C9-BD1C-35A9E1D95F95}.Debug|Any CPU.ActiveCfg = Debug|Any CPU
		{F697E6FA-2187-49C9-BD1C-35A9E1D95F95}.Debug|Any CPU.Build.0 = Debug|Any CPU
		{F697E6FA-2187-49C9-BD1C-35A9E1D95F95}.Release|Any CPU.ActiveCfg = Release|Any CPU
		{F697E6FA-2187-49C9-BD1C-35A9E1D95F95}.Release|Any CPU.Build.0 = Release|Any CPU
	EndGlobalSection
	GlobalSection(SolutionProperties) = preSolution
		HideSolutionNode = FALSE
	EndGlobalSection
	GlobalSection(ExtensibilityGlobals) = postSolution
		SolutionGuid = {13A7BB2B-492E-4D65-B3F3-5C1BEF068FFA}
	EndGlobalSection
EndGlobal
